{
  "name": "atac",
  "version": "0.0.1",
  "lockfileVersion": 2,
  "requires": true,
  "packages": {
    "": {
      "name": "atac",
      "version": "0.0.1",
      "license": "ISC",
      "dependencies": {
        "@prisma/client": "^5.1.1",
        "typescript": "^5.1.6"
      },
      "devDependencies": {
        "@types/node": "^20.4.10"
      }
    },
    "node_modules/@prisma/client": {
      "version": "5.1.1",
      "resolved": "https://registry.npmjs.org/@prisma/client/-/client-5.1.1.tgz",
      "integrity": "sha512-fxcCeK5pMQGcgCqCrWsi+I2rpIbk0rAhdrN+ke7f34tIrgPwA68ensrpin+9+fZvuV2OtzHmuipwduSY6HswdA==",
      "hasInstallScript": true,
      "dependencies": {
        "@prisma/engines-version": "5.1.1-1.6a3747c37ff169c90047725a05a6ef02e32ac97e"
      },
      "engines": {
        "node": ">=16.13"
      },
      "peerDependencies": {
        "prisma": "*"
      },
      "peerDependenciesMeta": {
        "prisma": {
          "optional": true
        }
      }
    },
    "node_modules/@prisma/engines-version": {
      "version": "5.1.1-1.6a3747c37ff169c90047725a05a6ef02e32ac97e",
      "resolved": "https://registry.npmjs.org/@prisma/engines-version/-/engines-version-5.1.1-1.6a3747c37ff169c90047725a05a6ef02e32ac97e.tgz",
      "integrity": "sha512-owZqbY/wucbr65bXJ/ljrHPgQU5xXTSkmcE/JcbqE1kusuAXV/TLN3/exmz21SZ5rJ7WDkyk70J2G/n68iogbQ=="
    },
    "node_modules/@types/node": {
      "version": "20.4.10",
      "resolved": "https://registry.npmjs.org/@types/node/-/node-20.4.10.tgz",
      "integrity": "sha512-vwzFiiy8Rn6E0MtA13/Cxxgpan/N6UeNYR9oUu6kuJWxu6zCk98trcDp8CBhbtaeuq9SykCmXkFr2lWLoPcvLg==",
      "dev": true
    },
    "node_modules/typescript": {
      "version": "5.1.6",
      "resolved": "https://registry.npmjs.org/typescript/-/typescript-5.1.6.tgz",
      "integrity": "sha512-zaWCozRZ6DLEWAWFrVDz1H6FVXzUSfTy5FUMWsQlU8Ym5JP9eO4xkTIROFCQvhQf61z6O/G6ugw3SgAnvvm+HA==",
      "bin": {
        "tsc": "bin/tsc",
        "tsserver": "bin/tsserver"
      },
      "engines": {
        "node": ">=14.17"
      }
    }
  },
  "dependencies": {
    "@prisma/client": {
      "version": "5.1.1",
      "resolved": "https://registry.npmjs.org/@prisma/client/-/client-5.1.1.tgz",
      "integrity": "sha512-fxcCeK5pMQGcgCqCrWsi+I2rpIbk0rAhdrN+ke7f34tIrgPwA68ensrpin+9+fZvuV2OtzHmuipwduSY6HswdA==",
      "requires": {
        "@prisma/engines-version": "5.1.1-1.6a3747c37ff169c90047725a05a6ef02e32ac97e"
      }
    },
    "@prisma/engines-version": {
      "version": "5.1.1-1.6a3747c37ff169c90047725a05a6ef02e32ac97e",
      "resolved": "https://registry.npmjs.org/@prisma/engines-version/-/engines-version-5.1.1-1.6a3747c37ff169c90047725a05a6ef02e32ac97e.tgz",
      "integrity": "sha512-owZqbY/wucbr65bXJ/ljrHPgQU5xXTSkmcE/JcbqE1kusuAXV/TLN3/exmz21SZ5rJ7WDkyk70J2G/n68iogbQ=="
    },
    "@types/node": {
      "version": "20.4.10",
      "resolved": "https://registry.npmjs.org/@types/node/-/node-20.4.10.tgz",
      "integrity": "sha512-vwzFiiy8Rn6E0MtA13/Cxxgpan/N6UeNYR9oUu6kuJWxu6zCk98trcDp8CBhbtaeuq9SykCmXkFr2lWLoPcvLg==",
      "dev": true
    },
    "typescript": {
      "version": "5.1.6",
      "resolved": "https://registry.npmjs.org/typescript/-/typescript-5.1.6.tgz",
      "integrity": "sha512-zaWCozRZ6DLEWAWFrVDz1H6FVXzUSfTy5FUMWsQlU8Ym5JP9eO4xkTIROFCQvhQf61z6O/G6ugw3SgAnvvm+HA=="
    }
  }
}
